// !$*UTF8*$!
{
	archiveVersion = 1;
	classes = {
	};
	objectVersion = 56;
	objects = {

/* Begin PBXBuildFile section */
		33073BAA29DC197F0004A4EE /* StateintroApp.swift in Sources */ = {isa = PBXBuildFile; fileRef = 33073BA929DC197F0004A4EE /* StateintroApp.swift */; };
		33073BAC29DC197F0004A4EE /* ContentView.swift in Sources */ = {isa = PBXBuildFile; fileRef = 33073BAB29DC197F0004A4EE /* ContentView.swift */; };
		33073BAE29DC19810004A4EE /* Assets.xcassets in Resources */ = {isa = PBXBuildFile; fileRef = 33073BAD29DC19810004A4EE /* Assets.xcassets */; };
		33073BB129DC19810004A4EE /* Preview Assets.xcassets in Resources */ = {isa = PBXBuildFile; fileRef = 33073BB029DC19810004A4EE /* Preview Assets.xcassets */; };
		33073BBB29DC19810004A4EE /* StateintroTests.swift in Sources */ = {isa = PBXBuildFile; fileRef = 33073BBA29DC19810004A4EE /* StateintroTests.swift */; };
		33073BC529DC19810004A4EE /* StateintroUITests.swift in Sources */ = {isa = PBXBuildFile; fileRef = 33073BC429DC19810004A4EE /* StateintroUITests.swift */; };
		33073BC729DC19810004A4EE /* StateintroUITestsLaunchTests.swift in Sources */ = {isa = PBXBuildFile; fileRef = 33073BC629DC19810004A4EE /* StateintroUITestsLaunchTests.swift */; };
/* End PBXBuildFile section */

/* Begin PBXContainerItemProxy section */
		33073BB729DC19810004A4EE /* PBXContainerItemProxy */ = {
			isa = PBXContainerItemProxy;
			containerPortal = 33073B9E29DC197F0004A4EE /* Project object */;
			proxyType = 1;
			remoteGlobalIDString = 33073BA529DC197F0004A4EE;
			remoteInfo = Stateintro;
		};
		33073BC129DC19810004A4EE /* PBXContainerItemProxy */ = {
			isa = PBXContainerItemProxy;
			containerPortal = 33073B9E29DC197F0004A4EE /* Project object */;
			proxyType = 1;
			remoteGlobalIDString = 33073BA529DC197F0004A4EE;
			remoteInfo = Stateintro;
		};
/* End PBXContainerItemProxy section */

/* Begin PBXFileReference section */
		33073BA629DC197F0004A4EE /* Stateintro.app */ = {isa = PBXFileReference; explicitFileType = wrapper.application; includeInIndex = 0; path = Stateintro.app; sourceTree = BUILT_PRODUCTS_DIR; };
		33073BA929DC197F0004A4EE /* StateintroApp.swift */ = {isa = PBXFileReference; lastKnownFileType = sourcecode.swift; path = StateintroApp.swift; sourceTree = "<group>"; };
		33073BAB29DC197F0004A4EE /* ContentView.swift */ = {isa = PBXFileReference; lastKnownFileType = sourcecode.swift; path = ContentView.swift; sourceTree = "<group>"; };
		33073BAD29DC19810004A4EE /* Assets.xcassets */ = {isa = PBXFileReference; lastKnownFileType = folder.assetcatalog; path = Assets.xcassets; sourceTree = "<group>"; };
		33073BB029DC19810004A4EE /* Preview Assets.xcassets */ = {isa = PBXFileReference; lastKnownFileType = folder.assetcatalog; path = "Preview Assets.xcassets"; sourceTree = "<group>"; };
		33073BB629DC19810004A4EE /* StateintroTests.xctest */ = {isa = PBXFileReference; explicitFileType = wrapper.cfbundle; includeInIndex = 0; path = StateintroTests.xctest; sourceTree = BUILT_PRODUCTS_DIR; };
		33073BBA29DC19810004A4EE /* StateintroTests.swift */ = {isa = PBXFileReference; lastKnownFileType = sourcecode.swift; path = StateintroTests.swift; sourceTree = "<group>"; };
		33073BC029DC19810004A4EE /* StateintroUITests.xctest */ = {isa = PBXFileReference; explicitFileType = wrapper.cfbundle; includeInIndex = 0; path = StateintroUITests.xctest; sourceTree = BUILT_PRODUCTS_DIR; };
		33073BC429DC19810004A4EE /* StateintroUITests.swift */ = {isa = PBXFileReference; lastKnownFileType = sourcecode.swift; path = StateintroUITests.swift; sourceTree = "<group>"; };
		33073BC629DC19810004A4EE /* StateintroUITestsLaunchTests.swift */ = {isa = PBXFileReference; lastKnownFileType = sourcecode.swift; path = StateintroUITestsLaunchTests.swift; sourceTree = "<group>"; };
/* End PBXFileReference section */

/* Begin PBXFrameworksBuildPhase section */
		33073BA329DC197F0004A4EE /* Frameworks */ = {
			isa = PBXFrameworksBuildPhase;
			buildActionMask = 2147483647;
			files = (
			);
			runOnlyForDeploymentPostprocessing = 0;
		};
		33073BB329DC19810004A4EE /* Frameworks */ = {
			isa = PBXFrameworksBuildPhase;
			buildActionMask = 2147483647;
			files = (
			);
			runOnlyForDeploymentPostprocessing = 0;
		};
		33073BBD29DC19810004A4EE /* Frameworks */ = {
			isa = PBXFrameworksBuildPhase;
			buildActionMask = 2147483647;
			files = (
			);
			runOnlyForDeploymentPostprocessing = 0;
		};
/* End PBXFrameworksBuildPhase section */

/* Begin PBXGroup section */
		33073B9D29DC197F0004A4EE = {
			isa = PBXGroup;
			children = (
				33073BA829DC197F0004A4EE /* Stateintro */,
				33073BB929DC19810004A4EE /* StateintroTests */,
				33073BC329DC19810004A4EE /* StateintroUITests */,
				33073BA729DC197F0004A4EE /* Products */,
			);
			sourceTree = "<group>";
		};
		33073BA729DC197F0004A4EE /* Products */ = {
			isa = PBXGroup;
			children = (
				33073BA629DC197F0004A4EE /* Stateintro.app */,
				33073BB629DC19810004A4EE /* StateintroTests.xctest */,
				33073BC029DC19810004A4EE /* StateintroUITests.xctest */,
			);
			name = Products;
			sourceTree = "<group>";
		};
		33073BA829DC197F0004A4EE /* Stateintro */ = {
			isa = PBXGroup;
			children = (
				33073BA929DC197F0004A4EE /* StateintroApp.swift */,
				33073BAB29DC197F0004A4EE /* ContentView.swift */,
				33073BAD29DC19810004A4EE /* Assets.xcassets */,
				33073BAF29DC19810004A4EE /* Preview Content */,
			);
			path = Stateintro;
			sourceTree = "<group>";
		};
		33073BAF29DC19810004A4EE /* Preview Content */ = {
			isa = PBXGroup;
			children = (
				33073BB029DC19810004A4EE /* Preview Assets.xcassets */,
			);
			path = "Preview Content";
			sourceTree = "<group>";
		};
		33073BB929DC19810004A4EE /* StateintroTests */ = {
			isa = PBXGroup;
			children = (
				33073BBA29DC19810004A4EE /* StateintroTests.swift */,
			);
			path = StateintroTests;
			sourceTree = "<group>";
		};
		33073BC329DC19810004A4EE /* StateintroUITests */ = {
			isa = PBXGroup;
			children = (
				33073BC429DC19810004A4EE /* StateintroUITests.swift */,
				33073BC629DC19810004A4EE /* StateintroUITestsLaunchTests.swift */,
			);
			path = StateintroUITests;
			sourceTree = "<group>";
		};
/* End PBXGroup section */

/* Begin PBXNativeTarget section */
		33073BA529DC197F0004A4EE /* Stateintro */ = {
			isa = PBXNativeTarget;
			buildConfigurationList = 33073BCA29DC19810004A4EE /* Build configuration list for PBXNativeTarget "Stateintro" */;
			buildPhases = (
				33073BA229DC197F0004A4EE /* Sources */,
				33073BA329DC197F0004A4EE /* Frameworks */,
				33073BA429DC197F0004A4EE /* Resources */,
			);
			buildRules = (
			);
			dependencies = (
			);
			name = Stateintro;
			productName = Stateintro;
			productReference = 33073BA629DC197F0004A4EE /* Stateintro.app */;
			productType = "com.apple.product-type.application";
		};
		33073BB529DC19810004A4EE /* StateintroTests */ = {
			isa = PBXNativeTarget;
			buildConfigurationList = 33073BCD29DC19810004A4EE /* Build configuration list for PBXNativeTarget "StateintroTests" */;
			buildPhases = (
				33073BB229DC19810004A4EE /* Sources */,
				33073BB329DC19810004A4EE /* Frameworks */,
				33073BB429DC19810004A4EE /* Resources */,
			);
			buildRules = (
			);
			dependencies = (
				33073BB829DC19810004A4EE /* PBXTargetDependency */,
			);
			name = StateintroTests;
			productName = StateintroTests;
			productReference = 33073BB629DC19810004A4EE /* StateintroTests.xctest */;
			productType = "com.apple.product-type.bundle.unit-test";
		};
		33073BBF29DC19810004A4EE /* StateintroUITests */ = {
			isa = PBXNativeTarget;
			buildConfigurationList = 33073BD029DC19810004A4EE /* Build configuration list for PBXNativeTarget "StateintroUITests" */;
			buildPhases = (
				33073BBC29DC19810004A4EE /* Sources */,
				33073BBD29DC19810004A4EE /* Frameworks */,
				33073BBE29DC19810004A4EE /* Resources */,
			);
			buildRules = (
			);
			dependencies = (
				33073BC229DC19810004A4EE /* PBXTargetDependency */,
			);
			name = StateintroUITests;
			productName = StateintroUITests;
			productReference = 33073BC029DC19810004A4EE /* StateintroUITests.xctest */;
			productType = "com.apple.product-type.bundle.ui-testing";
		};
/* End PBXNativeTarget section */

/* Begin PBXProject section */
		33073B9E29DC197F0004A4EE /* Project object */ = {
			isa = PBXProject;
			attributes = {
				BuildIndependentTargetsInParallel = 1;
				LastSwiftUpdateCheck = 1430;
				LastUpgradeCheck = 1430;
				TargetAttributes = {
					33073BA529DC197F0004A4EE = {
						CreatedOnToolsVersion = 14.3;
					};
					33073BB529DC19810004A4EE = {
						CreatedOnToolsVersion = 14.3;
						TestTargetID = 33073BA529DC197F0004A4EE;
					};
					33073BBF29DC19810004A4EE = {
						CreatedOnToolsVersion = 14.3;
						TestTargetID = 33073BA529DC197F0004A4EE;
					};
				};
			};
			buildConfigurationList = 33073BA129DC197F0004A4EE /* Build configuration list for PBXProject "Stateintro" */;
			compatibilityVersion = "Xcode 14.0";
			developmentRegion = en;
			hasScannedForEncodings = 0;
			knownRegions = (
				en,
				Base,
			);
			mainGroup = 33073B9D29DC197F0004A4EE;
			productRefGroup = 33073BA729DC197F0004A4EE /* Products */;
			projectDirPath = "";
			projectRoot = "";
			targets = (
				33073BA529DC197F0004A4EE /* Stateintro */,
				33073BB529DC19810004A4EE /* StateintroTests */,
				33073BBF29DC19810004A4EE /* StateintroUITests */,
			);
		};
/* End PBXProject section */

/* Begin PBXResourcesBuildPhase section */
		33073BA429DC197F0004A4EE /* Resources */ = {
			isa = PBXResourcesBuildPhase;
			buildActionMask = 2147483647;
			files = (
				33073BB129DC19810004A4EE /* Preview Assets.xcassets in Resources */,
				33073BAE29DC19810004A4EE /* Assets.xcassets in Resources */,
			);
			runOnlyForDeploymentPostprocessing = 0;
		};
		33073BB429DC19810004A4EE /* Resources */ = {
			isa = PBXResourcesBuildPhase;
			buildActionMask = 2147483647;
			files = (
			);
			runOnlyForDeploymentPostprocessing = 0;
		};
		33073BBE29DC19810004A4EE /* Resources */ = {
			isa = PBXResourcesBuildPhase;
			buildActionMask = 2147483647;
			files = (
			);
			runOnlyForDeploymentPostprocessing = 0;
		};
/* End PBXResourcesBuildPhase section */

/* Begin PBXSourcesBuildPhase section */
		33073BA229DC197F0004A4EE /* Sources */ = {
			isa = PBXSourcesBuildPhase;
			buildActionMask = 2147483647;
			files = (
				33073BAC29DC197F0004A4EE /* ContentView.swift in Sources */,
				33073BAA29DC197F0004A4EE /* StateintroApp.swift in Sources */,
			);
			runOnlyForDeploymentPostprocessing = 0;
		};
		33073BB229DC19810004A4EE /* Sources */ = {
			isa = PBXSourcesBuildPhase;
			buildActionMask = 2147483647;
			files = (
				33073BBB29DC19810004A4EE /* StateintroTests.swift in Sources */,
			);
			runOnlyForDeploymentPostprocessing = 0;
		};
		33073BBC29DC19810004A4EE /* Sources */ = {
			isa = PBXSourcesBuildPhase;
			buildActionMask = 2147483647;
			files = (
				33073BC529DC19810004A4EE /* StateintroUITests.swift in Sources */,
				33073BC729DC19810004A4EE /* StateintroUITestsLaunchTests.swift in Sources */,
			);
			runOnlyForDeploymentPostprocessing = 0;
		};
/* End PBXSourcesBuildPhase section */

/* Begin PBXTargetDependency section */
		33073BB829DC19810004A4EE /* PBXTargetDependency */ = {
			isa = PBXTargetDependency;
			target = 33073BA529DC197F0004A4EE /* Stateintro */;
			targetProxy = 33073BB729DC19810004A4EE /* PBXContainerItemProxy */;
		};
		33073BC229DC19810004A4EE /* PBXTargetDependency */ = {
			isa = PBXTargetDependency;
			target = 33073BA529DC197F0004A4EE /* Stateintro */;
			targetProxy = 33073BC129DC19810004A4EE /* PBXContainerItemProxy */;
		};
/* End PBXTargetDependency section */

/* Begin XCBuildConfiguration section */
		33073BC829DC19810004A4EE /* Debug */ = {
			isa = XCBuildConfiguration;
			buildSettings = {
				ALWAYS_SEARCH_USER_PATHS = NO;
				CLANG_ANALYZER_NONNULL = YES;
				CLANG_ANALYZER_NUMBER_OBJECT_CONVERSION = YES_AGGRESSIVE;
				CLANG_CXX_LANGUAGE_STANDARD = "gnu++20";
				CLANG_ENABLE_MODULES = YES;
				CLANG_ENABLE_OBJC_ARC = YES;
				CLANG_ENABLE_OBJC_WEAK = YES;
				CLANG_WARN_BLOCK_CAPTURE_AUTORELEASING = YES;
				CLANG_WARN_BOOL_CONVERSION = YES;
				CLANG_WARN_COMMA = YES;
				CLANG_WARN_CONSTANT_CONVERSION = YES;
				CLANG_WARN_DEPRECATED_OBJC_IMPLEMENTATIONS = YES;
				CLANG_WARN_DIRECT_OBJC_ISA_USAGE = YES_ERROR;
				CLANG_WARN_DOCUMENTATION_COMMENTS = YES;
				CLANG_WARN_EMPTY_BODY = YES;
				CLANG_WARN_ENUM_CONVERSION = YES;
				CLANG_WARN_INFINITE_RECURSION = YES;
				CLANG_WARN_INT_CONVERSION = YES;
				CLANG_WARN_NON_LITERAL_NULL_CONVERSION = YES;
				CLANG_WARN_OBJC_IMPLICIT_RETAIN_SELF = YES;
				CLANG_WARN_OBJC_LITERAL_CONVERSION = YES;
				CLANG_WARN_OBJC_ROOT_CLASS = YES_ERROR;
				CLANG_WARN_QUOTED_INCLUDE_IN_FRAMEWORK_HEADER = YES;
				CLANG_WARN_RANGE_LOOP_ANALYSIS = YES;
				CLANG_WARN_STRICT_PROTOTYPES = YES;
				CLANG_WARN_SUSPICIOUS_MOVE = YES;
				CLANG_WARN_UNGUARDED_AVAILABILITY = YES_AGGRESSIVE;
				CLANG_WARN_UNREACHABLE_CODE = YES;
				CLANG_WARN__DUPLICATE_METHOD_MATCH = YES;
				COPY_PHASE_STRIP = NO;
				DEBUG_INFORMATION_FORMAT = dwarf;
				ENABLE_STRICT_OBJC_MSGSEND = YES;
				ENABLE_TESTABILITY = YES;
				GCC_C_LANGUAGE_STANDARD = gnu11;
				GCC_DYNAMIC_NO_PIC = NO;
				GCC_NO_COMMON_BLOCKS = YES;
				GCC_OPTIMIZATION_LEVEL = 0;
				GCC_PREPROCESSOR_DEFINITIONS = (
					"DEBUG=1",
					"$(inherited)",
				);
				GCC_WARN_64_TO_32_BIT_CONVERSION = YES;
				GCC_WARN_ABOUT_RETURN_TYPE = YES_ERROR;
				GCC_WARN_UNDECLARED_SELECTOR = YES;
				GCC_WARN_UNINITIALIZED_AUTOS = YES_AGGRESSIVE;
				GCC_WARN_UNUSED_FUNCTION = YES;
				GCC_WARN_UNUSED_VARIABLE = YES;
				IPHONEOS_DEPLOYMENT_TARGET = 16.4;
				MTL_ENABLE_DEBUG_INFO = INCLUDE_SOURCE;
				MTL_FAST_MATH = YES;
				ONLY_ACTIVE_ARCH = YES;
				SDKROOT = iphoneos;
				SWIFT_ACTIVE_COMPILATION_CONDITIONS = DEBUG;
				SWIFT_OPTIMIZATION_LEVEL = "-Onone";
			};
			name = Debug;
		};
		33073BC929DC19810004A4EE /* Release */ = {
			isa = XCBuildConfiguration;
			buildSettings = {
				ALWAYS_SEARCH_USER_PATHS = NO;
				CLANG_ANALYZER_NONNULL = YES;
				CLANG_ANALYZER_NUMBER_OBJECT_CONVERSION = YES_AGGRESSIVE;
				CLANG_CXX_LANGUAGE_STANDARD = "gnu++20";
				CLANG_ENABLE_MODULES = YES;
				CLANG_ENABLE_OBJC_ARC = YES;
				CLANG_ENABLE_OBJC_WEAK = YES;
				CLANG_WARN_BLOCK_CAPTURE_AUTORELEASING = YES;
				CLANG_WARN_BOOL_CONVERSION = YES;
				CLANG_WARN_COMMA = YES;
				CLANG_WARN_CONSTANT_CONVERSION = YES;
				CLANG_WARN_DEPRECATED_OBJC_IMPLEMENTATIONS = YES;
				CLANG_WARN_DIRECT_OBJC_ISA_USAGE = YES_ERROR;
				CLANG_WARN_DOCUMENTATION_COMMENTS = YES;
				CLANG_WARN_EMPTY_BODY = YES;
				CLANG_WARN_ENUM_CONVERSION = YES;
				CLANG_WARN_INFINITE_RECURSION = YES;
				CLANG_WARN_INT_CONVERSION = YES;
				CLANG_WARN_NON_LITERAL_NULL_CONVERSION = YES;
				CLANG_WARN_OBJC_IMPLICIT_RETAIN_SELF = YES;
				CLANG_WARN_OBJC_LITERAL_CONVERSION = YES;
				CLANG_WARN_OBJC_ROOT_CLASS = YES_ERROR;
				CLANG_WARN_QUOTED_INCLUDE_IN_FRAMEWORK_HEADER = YES;
				CLANG_WARN_RANGE_LOOP_ANALYSIS = YES;
				CLANG_WARN_STRICT_PROTOTYPES = YES;
				CLANG_WARN_SUSPICIOUS_MOVE = YES;
				CLANG_WARN_UNGUARDED_AVAILABILITY = YES_AGGRESSIVE;
				CLANG_WARN_UNREACHABLE_CODE = YES;
				CLANG_WARN__DUPLICATE_METHOD_MATCH = YES;
				COPY_PHASE_STRIP = NO;
				DEBUG_INFORMATION_FORMAT = "dwarf-with-dsym";
				ENABLE_NS_ASSERTIONS = NO;
				ENABLE_STRICT_OBJC_MSGSEND = YES;
				GCC_C_LANGUAGE_STANDARD = gnu11;
				GCC_NO_COMMON_BLOCKS = YES;
				GCC_WARN_64_TO_32_BIT_CONVERSION = YES;
				GCC_WARN_ABOUT_RETURN_TYPE = YES_ERROR;
				GCC_WARN_UNDECLARED_SELECTOR = YES;
				GCC_WARN_UNINITIALIZED_AUTOS = YES_AGGRESSIVE;
				GCC_WARN_UNUSED_FUNCTION = YES;
				GCC_WARN_UNUSED_VARIABLE = YES;
				IPHONEOS_DEPLOYMENT_TARGET = 16.4;
				MTL_ENABLE_DEBUG_INFO = NO;
				MTL_FAST_MATH = YES;
				SDKROOT = iphoneos;
				SWIFT_COMPILATION_MODE = wholemodule;
				SWIFT_OPTIMIZATION_LEVEL = "-O";
				VALIDATE_PRODUCT = YES;
			};
			name = Release;
		};
		33073BCB29DC19810004A4EE /* Debug */ = {
			isa = XCBuildConfiguration;
			buildSettings = {
				ASSETCATALOG_COMPILER_APPICON_NAME = AppIcon;
				ASSETCATALOG_COMPILER_GLOBAL_ACCENT_COLOR_NAME = AccentColor;
				CODE_SIGN_STYLE = Automatic;
				CURRENT_PROJECT_VERSION = 1;
				DEVELOPMENT_ASSET_PATHS = "\"Stateintro/Preview Content\"";
				DEVELOPMENT_TEAM = 79WWGD3DV6;
				ENABLE_PREVIEWS = YES;
				GENERATE_INFOPLIST_FILE = YES;
				INFOPLIST_KEY_UIApplicationSceneManifest_Generation = YES;
				INFOPLIST_KEY_UIApplicationSupportsIndirectInputEvents = YES;
				INFOPLIST_KEY_UILaunchScreen_Generation = YES;
				INFOPLIST_KEY_UISupportedInterfaceOrientations_iPad = "UIInterfaceOrientationPortrait UIInterfaceOrientationPortraitUpsideDown UIInterfaceOrientationLandscapeLeft UIInterfaceOrientationLandscapeRight";
				INFOPLIST_KEY_UISupportedInterfaceOrientations_iPhone = "UIInterfaceOrientationPortrait UIInterfaceOrientationLandscapeLeft UIInterfaceOrientationLandscapeRight";
				LD_RUNPATH_SEARCH_PATHS = (
					"$(inherited)",
					"@executable_path/Frameworks",
				);
				MARKETING_VERSION = 1.0;
				PRODUCT_BUNDLE_IDENTIFIER = FU.Stateintro;
				PRODUCT_NAME = "$(TARGET_NAME)";
				SWIFT_EMIT_LOC_STRINGS = YES;
				SWIFT_VERSION = 5.0;
				TARGETED_DEVICE_FAMILY = "1,2";
			};
			name = Debug;
		};
		33073BCC29DC19810004A4EE /* Release */ = {
			isa = XCBuildConfiguration;
			buildSettings = {
				ASSETCATALOG_COMPILER_APPICON_NAME = AppIcon;
				ASSETCATALOG_COMPILER_GLOBAL_ACCENT_COLOR_NAME = AccentColor;
				CODE_SIGN_STYLE = Automatic;
				CURRENT_PROJECT_VERSION = 1;
				DEVELOPMENT_ASSET_PATHS = "\"Stateintro/Preview Content\"";
				DEVELOPMENT_TEAM = 79WWGD3DV6;
				ENABLE_PREVIEWS = YES;
				GENERATE_INFOPLIST_FILE = YES;
				INFOPLIST_KEY_UIApplicationSceneManifest_Generation = YES;
				INFOPLIST_KEY_UIApplicationSupportsIndirectInputEvents = YES;
				INFOPLIST_KEY_UILaunchScreen_Generation = YES;
				INFOPLIST_KEY_UISupportedInterfaceOrientations_iPad = "UIInterfaceOrientationPortrait UIInterfaceOrientationPortraitUpsideDown UIInterfaceOrientationLandscapeLeft UIInterfaceOrientationLandscapeRight";
				INFOPLIST_KEY_UISupportedInterfaceOrientations_iPhone = "UIInterfaceOrientationPortrait UIInterfaceOrientationLandscapeLeft UIInterfaceOrientationLandscapeRight";
				LD_RUNPATH_SEARCH_PATHS = (
					"$(inherited)",
					"@executable_path/Frameworks",
				);
				MARKETING_VERSION = 1.0;
				PRODUCT_BUNDLE_IDENTIFIER = FU.Stateintro;
				PRODUCT_NAME = "$(TARGET_NAME)";
				SWIFT_EMIT_LOC_STRINGS = YES;
				SWIFT_VERSION = 5.0;
				TARGETED_DEVICE_FAMILY = "1,2";
			};
			name = Release;
		};
		33073BCE29DC19810004A4EE /* Debug */ = {
			isa = XCBuildConfiguration;
			buildSettings = {
				ALWAYS_EMBED_SWIFT_STANDARD_LIBRARIES = YES;
				BUNDLE_LOADER = "$(TEST_HOST)";
				CODE_SIGN_STYLE = Automatic;
				CURRENT_PROJECT_VERSION = 1;
				DEVELOPMENT_TEAM = 79WWGD3DV6;
				GENERATE_INFOPLIST_FILE = YES;
				IPHONEOS_DEPLOYMENT_TARGET = 16.4;
				MARKETING_VERSION = 1.0;
				PRODUCT_BUNDLE_IDENTIFIER = FU.StateintroTests;
				PRODUCT_NAME = "$(TARGET_NAME)";
				SWIFT_EMIT_LOC_STRINGS = NO;
				SWIFT_VERSION = 5.0;
				TARGETED_DEVICE_FAMILY = "1,2";
				TEST_HOST = "$(BUILT_PRODUCTS_DIR)/Stateintro.app/$(BUNDLE_EXECUTABLE_FOLDER_PATH)/Stateintro";
			};
			name = Debug;
		};
		33073BCF29DC19810004A4EE /* Release */ = {
			isa = XCBuildConfiguration;
			buildSettings = {
				ALWAYS_EMBED_SWIFT_STANDARD_LIBRARIES = YES;
				BUNDLE_LOADER = "$(TEST_HOST)";
				CODE_SIGN_STYLE = Automatic;
				CURRENT_PROJECT_VERSION = 1;
				DEVELOPMENT_TEAM = 79WWGD3DV6;
				GENERATE_INFOPLIST_FILE = YES;
				IPHONEOS_DEPLOYMENT_TARGET = 16.4;
				MARKETING_VERSION = 1.0;
				PRODUCT_BUNDLE_IDENTIFIER = FU.StateintroTests;
				PRODUCT_NAME = "$(TARGET_NAME)";
				SWIFT_EMIT_LOC_STRINGS = NO;
				SWIFT_VERSION = 5.0;
				TARGETED_DEVICE_FAMILY = "1,2";
				TEST_HOST = "$(BUILT_PRODUCTS_DIR)/Stateintro.app/$(BUNDLE_EXECUTABLE_FOLDER_PATH)/Stateintro";
			};
			name = Release;
		};
		33073BD129DC19810004A4EE /* Debug */ = {
			isa = XCBuildConfiguration;
			buildSettings = {
				ALWAYS_EMBED_SWIFT_STANDARD_LIBRARIES = YES;
				CODE_SIGN_STYLE = Automatic;
				CURRENT_PROJECT_VERSION = 1;
				DEVELOPMENT_TEAM = 79WWGD3DV6;
				GENERATE_INFOPLIST_FILE = YES;
				MARKETING_VERSION = 1.0;
				PRODUCT_BUNDLE_IDENTIFIER = FU.StateintroUITests;
				PRODUCT_NAME = "$(TARGET_NAME)";
				SWIFT_EMIT_LOC_STRINGS = NO;
				SWIFT_VERSION = 5.0;
				TARGETED_DEVICE_FAMILY = "1,2";
				TEST_TARGET_NAME = Stateintro;
			};
			name = Debug;
		};
		33073BD229DC19810004A4EE /* Release */ = {
			isa = XCBuildConfiguration;
			buildSettings = {
				ALWAYS_EMBED_SWIFT_STANDARD_LIBRARIES = YES;
				CODE_SIGN_STYLE = Automatic;
				CURRENT_PROJECT_VERSION = 1;
				DEVELOPMENT_TEAM = 79WWGD3DV6;
				GENERATE_INFOPLIST_FILE = YES;
				MARKETING_VERSION = 1.0;
				PRODUCT_BUNDLE_IDENTIFIER = FU.StateintroUITests;
				PRODUCT_NAME = "$(TARGET_NAME)";
				SWIFT_EMIT_LOC_STRINGS = NO;
				SWIFT_VERSION = 5.0;
				TARGETED_DEVICE_FAMILY = "1,2";
				TEST_TARGET_NAME = Stateintro;
			};
			name = Release;
		};
/* End XCBuildConfiguration section */

/* Begin XCConfigurationList section */
		33073BA129DC197F0004A4EE /* Build configuration list for PBXProject "Stateintro" */ = {
			isa = XCConfigurationList;
			buildConfigurations = (
				33073BC829DC19810004A4EE /* Debug */,
				33073BC929DC19810004A4EE /* Release */,
			);
			defaultConfigurationIsVisible = 0;
			defaultConfigurationName = Release;
		};
		33073BCA29DC19810004A4EE /* Build configuration list for PBXNativeTarget "Stateintro" */ = {
			isa = XCConfigurationList;
			buildConfigurations = (
				33073BCB29DC19810004A4EE /* Debug */,
				33073BCC29DC19810004A4EE /* Release */,
			);
			defaultConfigurationIsVisible = 0;
			defaultConfigurationName = Release;
		};
		33073BCD29DC19810004A4EE /* Build configuration list for PBXNativeTarget "StateintroTests" */ = {
			isa = XCConfigurationList;
			buildConfigurations = (
				33073BCE29DC19810004A4EE /* Debug */,
				33073BCF29DC19810004A4EE /* Release */,
			);
			defaultConfigurationIsVisible = 0;
			defaultConfigurationName = Release;
		};
		33073BD029DC19810004A4EE /* Build configuration list for PBXNativeTarget "StateintroUITests" */ = {
			isa = XCConfigurationList;
			buildConfigurations = (
				33073BD129DC19810004A4EE /* Debug */,
				33073BD229DC19810004A4EE /* Release */,
			);
			defaultConfigurationIsVisible = 0;
			defaultConfigurationName = Release;
		};
/* End XCConfigurationList section */
	};
	rootObject = 33073B9E29DC197F0004A4EE /* Project object */;
}
